
Microsoft Visual Studio Solution File, Format Version 12.00
# Visual Studio Version 17
VisualStudioVersion = 17.4.33213.308
MinimumVisualStudioVersion = 10.0.40219.1
Project("{9A19103F-16F7-4668-BE54-9A1E7A4F7556}") = "WAGIapp", "WAGIapp\WAGIapp.csproj", "{1DFE72C2-BF6E-45E9-9B7B-6BA17D884D24}"
EndProject
Global
	GlobalSection(SolutionConfigurationPlatforms) = preSolution
		Debug|Any CPU = Debug|Any CPU
		Release|Any CPU = Release|Any CPU
	EndGlobalSection
	GlobalSection(ProjectConfigurationPlatforms) = postSolution
		{1DFE72C2-BF6E-45E9-9B7B-6BA17D884D24}.Debug|Any CPU.ActiveCfg = Debug|Any CPU
		{1DFE72C2-BF6E-45E9-9B7B-6BA17D884D24}.Debug|Any CPU.Build.0 = Debug|Any CPU
		{1DFE72C2-BF6E-45E9-9B7B-6BA17D884D24}.Release|Any CPU.ActiveCfg = Release|Any CPU
		{1DFE72C2-BF6E-45E9-9B7B-6BA17D884D24}.Release|Any CPU.Build.0 = Release|Any CPU
	EndGlobalSection
	GlobalSection(SolutionProperties) = preSolution
		HideSolutionNode = FALSE
	EndGlobalSection
	GlobalSection(ExtensibilityGlobals) = postSolution
		SolutionGuid = {35EE9DFB-01D8-4B06-858C-73C58519C28A}
	EndGlobalSection
EndGlobal
